
Microsoft Visual Studio Solution File, Format Version 12.00
# Visual Studio 2013
VisualStudioVersion = 12.0.30501.0
MinimumVisualStudioVersion = 10.0.40219.1
Project("{FAE04EC0-301F-11D3-BF4B-00C04F79EFBC}") = "Yazlab_1.2", "Yazlab_1.2\Yazlab_1.2.csproj", "{C1FE78B6-517F-4D8C-8A65-8894A0FD85BC}"
EndProject
Project("{FAE04EC0-301F-11D3-BF4B-00C04F79EFBC}") = "Test", "Test\Test.csproj", "{8D269F9F-A5B4-441C-A1D5-E745B777840C}"
EndProject
Global
	GlobalSection(SolutionConfigurationPlatforms) = preSolution
		Debug|Any CPU = Debug|Any CPU
		Release|Any CPU = Release|Any CPU
	EndGlobalSection
	GlobalSection(ProjectConfigurationPlatforms) = postSolution
		{C1FE78B6-517F-4D8C-8A65-8894A0FD85BC}.Debug|Any CPU.ActiveCfg = Debug|Any CPU
		{C1FE78B6-517F-4D8C-8A65-8894A0FD85BC}.Debug|Any CPU.Build.0 = Debug|Any CPU
		{C1FE78B6-517F-4D8C-8A65-8894A0FD85BC}.Release|Any CPU.ActiveCfg = Release|Any CPU
		{C1FE78B6-517F-4D8C-8A65-8894A0FD85BC}.Release|Any CPU.Build.0 = Release|Any CPU
		{8D269F9F-A5B4-441C-A1D5-E745B777840C}.Debug|Any CPU.ActiveCfg = Debug|Any CPU
		{8D269F9F-A5B4-441C-A1D5-E745B777840C}.Debug|Any CPU.Build.0 = Debug|Any CPU
		{8D269F9F-A5B4-441C-A1D5-E745B777840C}.Release|Any CPU.ActiveCfg = Release|Any CPU
		{8D269F9F-A5B4-441C-A1D5-E745B777840C}.Release|Any CPU.Build.0 = Release|Any CPU
	EndGlobalSection
	GlobalSection(SolutionProperties) = preSolution
		HideSolutionNode = FALSE
	EndGlobalSection
EndGlobal
